{
  "name": "barcode-reader",
  "version": "1.0.0",
  "lockfileVersion": 2,
  "requires": true,
  "packages": {
    "": {
      "name": "barcode-reader",
      "version": "1.0.0",
      "license": "ISC",
      "dependencies": {
        "barcode4nodejs": "^9.6.22"
      }
    },
    "node_modules/barcode4nodejs": {
      "version": "9.6.22",
      "resolved": "https://registry.npmmirror.com/barcode4nodejs/-/barcode4nodejs-9.6.22.tgz",
      "integrity": "sha512-4gz+i/8usZaN0zcBtyYacaNxHns+2puohTaSjoYDWg+HkbxD1xxhp4sd+mCDt1/ium29cDWiWltC8gcz+XnvHw==",
      "hasInstallScript": true
    }
  },
  "dependencies": {
    "barcode4nodejs": {
      "version": "9.6.22",
      "resolved": "https://registry.npmmirror.com/barcode4nodejs/-/barcode4nodejs-9.6.22.tgz",
      "integrity": "sha512-4gz+i/8usZaN0zcBtyYacaNxHns+2puohTaSjoYDWg+HkbxD1xxhp4sd+mCDt1/ium29cDWiWltC8gcz+XnvHw=="
    }
  }
}
